// !$*UTF8*$!
{
	archiveVersion = 1;
	classes = {
	};
	objectVersion = 56;
	objects = {

/* Begin PBXBuildFile section */
		6511D37C2920D8A0008BF87C /* weatherHeader.swift in Sources */ = {isa = PBXBuildFile; fileRef = 6511D37B2920D8A0008BF87C /* weatherHeader.swift */; };
		6511D3822921108E008BF87C /* HourlyCell.swift in Sources */ = {isa = PBXBuildFile; fileRef = 6511D3812921108E008BF87C /* HourlyCell.swift */; };
		6511D38429211415008BF87C /* DailyCell.swift in Sources */ = {isa = PBXBuildFile; fileRef = 6511D38329211415008BF87C /* DailyCell.swift */; };
		6511D38629211D16008BF87C /* PreviewExtension.swift in Sources */ = {isa = PBXBuildFile; fileRef = 6511D38529211D16008BF87C /* PreviewExtension.swift */; };
		65430AE32920CC8B00E95B96 /* AppDelegate.swift in Sources */ = {isa = PBXBuildFile; fileRef = 65430AE22920CC8B00E95B96 /* AppDelegate.swift */; };
		65430AE52920CC8B00E95B96 /* SceneDelegate.swift in Sources */ = {isa = PBXBuildFile; fileRef = 65430AE42920CC8B00E95B96 /* SceneDelegate.swift */; };
		65430AE72920CC8B00E95B96 /* MainWeatherViewController.swift in Sources */ = {isa = PBXBuildFile; fileRef = 65430AE62920CC8B00E95B96 /* MainWeatherViewController.swift */; };
		65430AEC2920CC8C00E95B96 /* Assets.xcassets in Resources */ = {isa = PBXBuildFile; fileRef = 65430AEB2920CC8C00E95B96 /* Assets.xcassets */; };
		65430AEF2920CC8C00E95B96 /* LaunchScreen.storyboard in Resources */ = {isa = PBXBuildFile; fileRef = 65430AED2920CC8C00E95B96 /* LaunchScreen.storyboard */; };
		65430AF82920CCD400E95B96 /* Realm in Frameworks */ = {isa = PBXBuildFile; productRef = 65430AF72920CCD400E95B96 /* Realm */; };
		65430AFA2920CCD400E95B96 /* RealmSwift in Frameworks */ = {isa = PBXBuildFile; productRef = 65430AF92920CCD400E95B96 /* RealmSwift */; };
		659BB50A29239DF1003A6618 /* BackgroundView.swift in Sources */ = {isa = PBXBuildFile; fileRef = 659BB50929239DF1003A6618 /* BackgroundView.swift */; };
		659C52C62922758100EEEA70 /* CurrentWeatherData.swift in Sources */ = {isa = PBXBuildFile; fileRef = 659C52C52922758100EEEA70 /* CurrentWeatherData.swift */; };
		659C52C82922778200EEEA70 /* WeatherManager.swift in Sources */ = {isa = PBXBuildFile; fileRef = 659C52C72922778200EEEA70 /* WeatherManager.swift */; };
		659C52CA292278BD00EEEA70 /* SecretKey.plist in Resources */ = {isa = PBXBuildFile; fileRef = 659C52C9292278BD00EEEA70 /* SecretKey.plist */; };
		659C52CD2922790800EEEA70 /* Bundle.swift in Sources */ = {isa = PBXBuildFile; fileRef = 659C52CC2922790800EEEA70 /* Bundle.swift */; };
		659C52D1292285D100EEEA70 /* Constants.swift in Sources */ = {isa = PBXBuildFile; fileRef = 659C52D0292285D100EEEA70 /* Constants.swift */; };
		659C52D3292288E300EEEA70 /* CollectionView+Layout.swift in Sources */ = {isa = PBXBuildFile; fileRef = 659C52D2292288E300EEEA70 /* CollectionView+Layout.swift */; };
		659C52DA29229AE400EEEA70 /* CurrentWeatherModel.swift in Sources */ = {isa = PBXBuildFile; fileRef = 659C52D929229AE400EEEA70 /* CurrentWeatherModel.swift */; };
		659C52DC292363FB00EEEA70 /* Utilities.swift in Sources */ = {isa = PBXBuildFile; fileRef = 659C52DB292363FB00EEEA70 /* Utilities.swift */; };
		65EB5B35292248B600ADF406 /* SnapKit in Frameworks */ = {isa = PBXBuildFile; productRef = 65EB5B34292248B600ADF406 /* SnapKit */; };
		65FBC2B229279B5500B5AE35 /* LocationManager.swift in Sources */ = {isa = PBXBuildFile; fileRef = 65FBC2B129279B5500B5AE35 /* LocationManager.swift */; };
		65FBC2B62927BF2B00B5AE35 /* WeatherAPI.swift in Sources */ = {isa = PBXBuildFile; fileRef = 65FBC2B52927BF2B00B5AE35 /* WeatherAPI.swift */; };
/* End PBXBuildFile section */

/* Begin PBXFileReference section */
		6511D37B2920D8A0008BF87C /* weatherHeader.swift */ = {isa = PBXFileReference; lastKnownFileType = sourcecode.swift; path = weatherHeader.swift; sourceTree = "<group>"; };
		6511D3812921108E008BF87C /* HourlyCell.swift */ = {isa = PBXFileReference; lastKnownFileType = sourcecode.swift; path = HourlyCell.swift; sourceTree = "<group>"; };
		6511D38329211415008BF87C /* DailyCell.swift */ = {isa = PBXFileReference; lastKnownFileType = sourcecode.swift; path = DailyCell.swift; sourceTree = "<group>"; };
		6511D38529211D16008BF87C /* PreviewExtension.swift */ = {isa = PBXFileReference; lastKnownFileType = sourcecode.swift; path = PreviewExtension.swift; sourceTree = "<group>"; };
		6540A10529269DB200338721 /* WeatherApp.entitlements */ = {isa = PBXFileReference; lastKnownFileType = text.plist.entitlements; path = WeatherApp.entitlements; sourceTree = "<group>"; };
		65430ADF2920CC8B00E95B96 /* WeatherApp.app */ = {isa = PBXFileReference; explicitFileType = wrapper.application; includeInIndex = 0; path = WeatherApp.app; sourceTree = BUILT_PRODUCTS_DIR; };
		65430AE22920CC8B00E95B96 /* AppDelegate.swift */ = {isa = PBXFileReference; lastKnownFileType = sourcecode.swift; path = AppDelegate.swift; sourceTree = "<group>"; };
		65430AE42920CC8B00E95B96 /* SceneDelegate.swift */ = {isa = PBXFileReference; lastKnownFileType = sourcecode.swift; path = SceneDelegate.swift; sourceTree = "<group>"; };
		65430AE62920CC8B00E95B96 /* MainWeatherViewController.swift */ = {isa = PBXFileReference; lastKnownFileType = sourcecode.swift; path = MainWeatherViewController.swift; sourceTree = "<group>"; };
		65430AEB2920CC8C00E95B96 /* Assets.xcassets */ = {isa = PBXFileReference; lastKnownFileType = folder.assetcatalog; path = Assets.xcassets; sourceTree = "<group>"; };
		65430AEE2920CC8C00E95B96 /* Base */ = {isa = PBXFileReference; lastKnownFileType = file.storyboard; name = Base; path = Base.lproj/LaunchScreen.storyboard; sourceTree = "<group>"; };
		65430AF02920CC8C00E95B96 /* Info.plist */ = {isa = PBXFileReference; lastKnownFileType = text.plist.xml; path = Info.plist; sourceTree = "<group>"; };
		659BB50929239DF1003A6618 /* BackgroundView.swift */ = {isa = PBXFileReference; lastKnownFileType = sourcecode.swift; path = BackgroundView.swift; sourceTree = "<group>"; };
		659C52C52922758100EEEA70 /* CurrentWeatherData.swift */ = {isa = PBXFileReference; lastKnownFileType = sourcecode.swift; path = CurrentWeatherData.swift; sourceTree = "<group>"; };
		659C52C72922778200EEEA70 /* WeatherManager.swift */ = {isa = PBXFileReference; lastKnownFileType = sourcecode.swift; path = WeatherManager.swift; sourceTree = "<group>"; };
		659C52C9292278BD00EEEA70 /* SecretKey.plist */ = {isa = PBXFileReference; lastKnownFileType = text.plist.xml; path = SecretKey.plist; sourceTree = "<group>"; };
		659C52CC2922790800EEEA70 /* Bundle.swift */ = {isa = PBXFileReference; lastKnownFileType = sourcecode.swift; path = Bundle.swift; sourceTree = "<group>"; };
		659C52D0292285D100EEEA70 /* Constants.swift */ = {isa = PBXFileReference; lastKnownFileType = sourcecode.swift; path = Constants.swift; sourceTree = "<group>"; };
		659C52D2292288E300EEEA70 /* CollectionView+Layout.swift */ = {isa = PBXFileReference; lastKnownFileType = sourcecode.swift; path = "CollectionView+Layout.swift"; sourceTree = "<group>"; };
		659C52D929229AE400EEEA70 /* CurrentWeatherModel.swift */ = {isa = PBXFileReference; lastKnownFileType = sourcecode.swift; path = CurrentWeatherModel.swift; sourceTree = "<group>"; };
		659C52DB292363FB00EEEA70 /* Utilities.swift */ = {isa = PBXFileReference; lastKnownFileType = sourcecode.swift; path = Utilities.swift; sourceTree = "<group>"; };
		65FBC2B129279B5500B5AE35 /* LocationManager.swift */ = {isa = PBXFileReference; lastKnownFileType = sourcecode.swift; path = LocationManager.swift; sourceTree = "<group>"; };
		65FBC2B52927BF2B00B5AE35 /* WeatherAPI.swift */ = {isa = PBXFileReference; lastKnownFileType = sourcecode.swift; path = WeatherAPI.swift; sourceTree = "<group>"; };
/* End PBXFileReference section */

/* Begin PBXFrameworksBuildPhase section */
		65430ADC2920CC8B00E95B96 /* Frameworks */ = {
			isa = PBXFrameworksBuildPhase;
			buildActionMask = 2147483647;
			files = (
				65EB5B35292248B600ADF406 /* SnapKit in Frameworks */,
				65430AFA2920CCD400E95B96 /* RealmSwift in Frameworks */,
				65430AF82920CCD400E95B96 /* Realm in Frameworks */,
			);
			runOnlyForDeploymentPostprocessing = 0;
		};
/* End PBXFrameworksBuildPhase section */

/* Begin PBXGroup section */
		6511D37F29210BA1008BF87C /* Hourly_Vertical  */ = {
			isa = PBXGroup;
			children = (
				6511D3812921108E008BF87C /* HourlyCell.swift */,
			);
			path = "Hourly_Vertical ";
			sourceTree = "<group>";
		};
		6511D38029210BCC008BF87C /* Daily_Horizontal */ = {
			isa = PBXGroup;
			children = (
				6511D38329211415008BF87C /* DailyCell.swift */,
			);
			path = Daily_Horizontal;
			sourceTree = "<group>";
		};
		65430AD62920CC8B00E95B96 = {
			isa = PBXGroup;
			children = (
				65430AE12920CC8B00E95B96 /* WeatherApp */,
				65430AE02920CC8B00E95B96 /* Products */,
			);
			sourceTree = "<group>";
		};
		65430AE02920CC8B00E95B96 /* Products */ = {
			isa = PBXGroup;
			children = (
				65430ADF2920CC8B00E95B96 /* WeatherApp.app */,
			);
			name = Products;
			sourceTree = "<group>";
		};
		65430AE12920CC8B00E95B96 /* WeatherApp */ = {
			isa = PBXGroup;
			children = (
				6540A10529269DB200338721 /* WeatherApp.entitlements */,
				65430AE22920CC8B00E95B96 /* AppDelegate.swift */,
				65430AE42920CC8B00E95B96 /* SceneDelegate.swift */,
				659C52CB292278DC00EEEA70 /* Helper */,
				659C52DD292363FE00EEEA70 /* Utils */,
				659C52D629228E6E00EEEA70 /* Extenstions */,
				65430AFB2920CCE100E95B96 /* Models */,
				65430AFC2920CCE700E95B96 /* Views */,
				65430AFD2920CCEC00E95B96 /* Controllers */,
				65430AEB2920CC8C00E95B96 /* Assets.xcassets */,
				65430AED2920CC8C00E95B96 /* LaunchScreen.storyboard */,
				65430AF02920CC8C00E95B96 /* Info.plist */,
				6511D38529211D16008BF87C /* PreviewExtension.swift */,
			);
			path = WeatherApp;
			sourceTree = "<group>";
		};
		65430AFB2920CCE100E95B96 /* Models */ = {
			isa = PBXGroup;
			children = (
				659C52C52922758100EEEA70 /* CurrentWeatherData.swift */,
				659C52D929229AE400EEEA70 /* CurrentWeatherModel.swift */,
				659C52C72922778200EEEA70 /* WeatherManager.swift */,
				65FBC2B129279B5500B5AE35 /* LocationManager.swift */,
			);
			path = Models;
			sourceTree = "<group>";
		};
		65430AFC2920CCE700E95B96 /* Views */ = {
			isa = PBXGroup;
			children = (
				65FBC2B92927EBA600B5AE35 /* MainView */,
			);
			path = Views;
			sourceTree = "<group>";
		};
		65430AFD2920CCEC00E95B96 /* Controllers */ = {
			isa = PBXGroup;
			children = (
				65430AE62920CC8B00E95B96 /* MainWeatherViewController.swift */,
			);
			path = Controllers;
			sourceTree = "<group>";
		};
		659C52CB292278DC00EEEA70 /* Helper */ = {
			isa = PBXGroup;
			children = (
				659C52C9292278BD00EEEA70 /* SecretKey.plist */,
				659C52CC2922790800EEEA70 /* Bundle.swift */,
				659C52D0292285D100EEEA70 /* Constants.swift */,
				65FBC2B52927BF2B00B5AE35 /* WeatherAPI.swift */,
			);
			path = Helper;
			sourceTree = "<group>";
		};
		659C52D429228BEB00EEEA70 /* Header */ = {
			isa = PBXGroup;
			children = (
				6511D37B2920D8A0008BF87C /* weatherHeader.swift */,
			);
			path = Header;
			sourceTree = "<group>";
		};
		659C52D629228E6E00EEEA70 /* Extenstions */ = {
			isa = PBXGroup;
			children = (
				659C52D2292288E300EEEA70 /* CollectionView+Layout.swift */,
			);
			path = Extenstions;
			sourceTree = "<group>";
		};
		659C52DD292363FE00EEEA70 /* Utils */ = {
			isa = PBXGroup;
			children = (
				659C52DB292363FB00EEEA70 /* Utilities.swift */,
			);
			path = Utils;
			sourceTree = "<group>";
		};
		65FBC2B92927EBA600B5AE35 /* MainView */ = {
			isa = PBXGroup;
			children = (
				659BB50929239DF1003A6618 /* BackgroundView.swift */,
				659C52D429228BEB00EEEA70 /* Header */,
				6511D37F29210BA1008BF87C /* Hourly_Vertical  */,
				6511D38029210BCC008BF87C /* Daily_Horizontal */,
			);
			path = MainView;
			sourceTree = "<group>";
		};
/* End PBXGroup section */

/* Begin PBXNativeTarget section */
		65430ADE2920CC8B00E95B96 /* WeatherApp */ = {
			isa = PBXNativeTarget;
			buildConfigurationList = 65430AF32920CC8C00E95B96 /* Build configuration list for PBXNativeTarget "WeatherApp" */;
			buildPhases = (
				65430ADB2920CC8B00E95B96 /* Sources */,
				65430ADC2920CC8B00E95B96 /* Frameworks */,
				65430ADD2920CC8B00E95B96 /* Resources */,
			);
			buildRules = (
			);
			dependencies = (
			);
			name = WeatherApp;
			packageProductDependencies = (
				65430AF72920CCD400E95B96 /* Realm */,
				65430AF92920CCD400E95B96 /* RealmSwift */,
				65EB5B34292248B600ADF406 /* SnapKit */,
			);
			productName = WeatherApp;
			productReference = 65430ADF2920CC8B00E95B96 /* WeatherApp.app */;
			productType = "com.apple.product-type.application";
		};
/* End PBXNativeTarget section */

/* Begin PBXProject section */
		65430AD72920CC8B00E95B96 /* Project object */ = {
			isa = PBXProject;
			attributes = {
				BuildIndependentTargetsInParallel = 1;
				LastSwiftUpdateCheck = 1410;
				LastUpgradeCheck = 1410;
				TargetAttributes = {
					65430ADE2920CC8B00E95B96 = {
						CreatedOnToolsVersion = 14.1;
					};
				};
			};
			buildConfigurationList = 65430ADA2920CC8B00E95B96 /* Build configuration list for PBXProject "WeatherApp" */;
			compatibilityVersion = "Xcode 14.0";
			developmentRegion = en;
			hasScannedForEncodings = 0;
			knownRegions = (
				en,
				Base,
			);
			mainGroup = 65430AD62920CC8B00E95B96;
			packageReferences = (
				65430AF62920CCD400E95B96 /* XCRemoteSwiftPackageReference "realm-swift" */,
				65EB5B33292248B600ADF406 /* XCRemoteSwiftPackageReference "SnapKit" */,
			);
			productRefGroup = 65430AE02920CC8B00E95B96 /* Products */;
			projectDirPath = "";
			projectRoot = "";
			targets = (
				65430ADE2920CC8B00E95B96 /* WeatherApp */,
			);
		};
/* End PBXProject section */

/* Begin PBXResourcesBuildPhase section */
		65430ADD2920CC8B00E95B96 /* Resources */ = {
			isa = PBXResourcesBuildPhase;
			buildActionMask = 2147483647;
			files = (
				659C52CA292278BD00EEEA70 /* SecretKey.plist in Resources */,
				65430AEF2920CC8C00E95B96 /* LaunchScreen.storyboard in Resources */,
				65430AEC2920CC8C00E95B96 /* Assets.xcassets in Resources */,
			);
			runOnlyForDeploymentPostprocessing = 0;
		};
/* End PBXResourcesBuildPhase section */

/* Begin PBXSourcesBuildPhase section */
		65430ADB2920CC8B00E95B96 /* Sources */ = {
			isa = PBXSourcesBuildPhase;
			buildActionMask = 2147483647;
			files = (
				659BB50A29239DF1003A6618 /* BackgroundView.swift in Sources */,
				65FBC2B229279B5500B5AE35 /* LocationManager.swift in Sources */,
				659C52C82922778200EEEA70 /* WeatherManager.swift in Sources */,
				659C52D1292285D100EEEA70 /* Constants.swift in Sources */,
				659C52DA29229AE400EEEA70 /* CurrentWeatherModel.swift in Sources */,
				659C52DC292363FB00EEEA70 /* Utilities.swift in Sources */,
				65430AE72920CC8B00E95B96 /* MainWeatherViewController.swift in Sources */,
				65430AE32920CC8B00E95B96 /* AppDelegate.swift in Sources */,
				659C52CD2922790800EEEA70 /* Bundle.swift in Sources */,
				6511D38629211D16008BF87C /* PreviewExtension.swift in Sources */,
				659C52D3292288E300EEEA70 /* CollectionView+Layout.swift in Sources */,
				65FBC2B62927BF2B00B5AE35 /* WeatherAPI.swift in Sources */,
				659C52C62922758100EEEA70 /* CurrentWeatherData.swift in Sources */,
				6511D37C2920D8A0008BF87C /* weatherHeader.swift in Sources */,
				6511D3822921108E008BF87C /* HourlyCell.swift in Sources */,
				6511D38429211415008BF87C /* DailyCell.swift in Sources */,
				65430AE52920CC8B00E95B96 /* SceneDelegate.swift in Sources */,
			);
			runOnlyForDeploymentPostprocessing = 0;
		};
/* End PBXSourcesBuildPhase section */

/* Begin PBXVariantGroup section */
		65430AED2920CC8C00E95B96 /* LaunchScreen.storyboard */ = {
			isa = PBXVariantGroup;
			children = (
				65430AEE2920CC8C00E95B96 /* Base */,
			);
			name = LaunchScreen.storyboard;
			sourceTree = "<group>";
		};
/* End PBXVariantGroup section */

/* Begin XCBuildConfiguration section */
		65430AF12920CC8C00E95B96 /* Debug */ = {
			isa = XCBuildConfiguration;
			buildSettings = {
				ALWAYS_SEARCH_USER_PATHS = NO;
				CLANG_ANALYZER_NONNULL = YES;
				CLANG_ANALYZER_NUMBER_OBJECT_CONVERSION = YES_AGGRESSIVE;
				CLANG_CXX_LANGUAGE_STANDARD = "gnu++20";
				CLANG_ENABLE_MODULES = YES;
				CLANG_ENABLE_OBJC_ARC = YES;
				CLANG_ENABLE_OBJC_WEAK = YES;
				CLANG_WARN_BLOCK_CAPTURE_AUTORELEASING = YES;
				CLANG_WARN_BOOL_CONVERSION = YES;
				CLANG_WARN_COMMA = YES;
				CLANG_WARN_CONSTANT_CONVERSION = YES;
				CLANG_WARN_DEPRECATED_OBJC_IMPLEMENTATIONS = YES;
				CLANG_WARN_DIRECT_OBJC_ISA_USAGE = YES_ERROR;
				CLANG_WARN_DOCUMENTATION_COMMENTS = YES;
				CLANG_WARN_EMPTY_BODY = YES;
				CLANG_WARN_ENUM_CONVERSION = YES;
				CLANG_WARN_INFINITE_RECURSION = YES;
				CLANG_WARN_INT_CONVERSION = YES;
				CLANG_WARN_NON_LITERAL_NULL_CONVERSION = YES;
				CLANG_WARN_OBJC_IMPLICIT_RETAIN_SELF = YES;
				CLANG_WARN_OBJC_LITERAL_CONVERSION = YES;
				CLANG_WARN_OBJC_ROOT_CLASS = YES_ERROR;
				CLANG_WARN_QUOTED_INCLUDE_IN_FRAMEWORK_HEADER = YES;
				CLANG_WARN_RANGE_LOOP_ANALYSIS = YES;
				CLANG_WARN_STRICT_PROTOTYPES = YES;
				CLANG_WARN_SUSPICIOUS_MOVE = YES;
				CLANG_WARN_UNGUARDED_AVAILABILITY = YES_AGGRESSIVE;
				CLANG_WARN_UNREACHABLE_CODE = YES;
				CLANG_WARN__DUPLICATE_METHOD_MATCH = YES;
				COPY_PHASE_STRIP = NO;
				DEBUG_INFORMATION_FORMAT = dwarf;
				ENABLE_STRICT_OBJC_MSGSEND = YES;
				ENABLE_TESTABILITY = YES;
				GCC_C_LANGUAGE_STANDARD = gnu11;
				GCC_DYNAMIC_NO_PIC = NO;
				GCC_NO_COMMON_BLOCKS = YES;
				GCC_OPTIMIZATION_LEVEL = 0;
				GCC_PREPROCESSOR_DEFINITIONS = (
					"DEBUG=1",
					"$(inherited)",
				);
				GCC_WARN_64_TO_32_BIT_CONVERSION = YES;
				GCC_WARN_ABOUT_RETURN_TYPE = YES_ERROR;
				GCC_WARN_UNDECLARED_SELECTOR = YES;
				GCC_WARN_UNINITIALIZED_AUTOS = YES_AGGRESSIVE;
				GCC_WARN_UNUSED_FUNCTION = YES;
				GCC_WARN_UNUSED_VARIABLE = YES;
				IPHONEOS_DEPLOYMENT_TARGET = 16.0;
				MTL_ENABLE_DEBUG_INFO = INCLUDE_SOURCE;
				MTL_FAST_MATH = YES;
				ONLY_ACTIVE_ARCH = YES;
				SDKROOT = iphoneos;
				SWIFT_ACTIVE_COMPILATION_CONDITIONS = DEBUG;
				SWIFT_OPTIMIZATION_LEVEL = "-Onone";
			};
			name = Debug;
		};
		65430AF22920CC8C00E95B96 /* Release */ = {
			isa = XCBuildConfiguration;
			buildSettings = {
				ALWAYS_SEARCH_USER_PATHS = NO;
				CLANG_ANALYZER_NONNULL = YES;
				CLANG_ANALYZER_NUMBER_OBJECT_CONVERSION = YES_AGGRESSIVE;
				CLANG_CXX_LANGUAGE_STANDARD = "gnu++20";
				CLANG_ENABLE_MODULES = YES;
				CLANG_ENABLE_OBJC_ARC = YES;
				CLANG_ENABLE_OBJC_WEAK = YES;
				CLANG_WARN_BLOCK_CAPTURE_AUTORELEASING = YES;
				CLANG_WARN_BOOL_CONVERSION = YES;
				CLANG_WARN_COMMA = YES;
				CLANG_WARN_CONSTANT_CONVERSION = YES;
				CLANG_WARN_DEPRECATED_OBJC_IMPLEMENTATIONS = YES;
				CLANG_WARN_DIRECT_OBJC_ISA_USAGE = YES_ERROR;
				CLANG_WARN_DOCUMENTATION_COMMENTS = YES;
				CLANG_WARN_EMPTY_BODY = YES;
				CLANG_WARN_ENUM_CONVERSION = YES;
				CLANG_WARN_INFINITE_RECURSION = YES;
				CLANG_WARN_INT_CONVERSION = YES;
				CLANG_WARN_NON_LITERAL_NULL_CONVERSION = YES;
				CLANG_WARN_OBJC_IMPLICIT_RETAIN_SELF = YES;
				CLANG_WARN_OBJC_LITERAL_CONVERSION = YES;
				CLANG_WARN_OBJC_ROOT_CLASS = YES_ERROR;
				CLANG_WARN_QUOTED_INCLUDE_IN_FRAMEWORK_HEADER = YES;
				CLANG_WARN_RANGE_LOOP_ANALYSIS = YES;
				CLANG_WARN_STRICT_PROTOTYPES = YES;
				CLANG_WARN_SUSPICIOUS_MOVE = YES;
				CLANG_WARN_UNGUARDED_AVAILABILITY = YES_AGGRESSIVE;
				CLANG_WARN_UNREACHABLE_CODE = YES;
				CLANG_WARN__DUPLICATE_METHOD_MATCH = YES;
				COPY_PHASE_STRIP = NO;
				DEBUG_INFORMATION_FORMAT = "dwarf-with-dsym";
				ENABLE_NS_ASSERTIONS = NO;
				ENABLE_STRICT_OBJC_MSGSEND = YES;
				GCC_C_LANGUAGE_STANDARD = gnu11;
				GCC_NO_COMMON_BLOCKS = YES;
				GCC_WARN_64_TO_32_BIT_CONVERSION = YES;
				GCC_WARN_ABOUT_RETURN_TYPE = YES_ERROR;
				GCC_WARN_UNDECLARED_SELECTOR = YES;
				GCC_WARN_UNINITIALIZED_AUTOS = YES_AGGRESSIVE;
				GCC_WARN_UNUSED_FUNCTION = YES;
				GCC_WARN_UNUSED_VARIABLE = YES;
				IPHONEOS_DEPLOYMENT_TARGET = 16.0;
				MTL_ENABLE_DEBUG_INFO = NO;
				MTL_FAST_MATH = YES;
				SDKROOT = iphoneos;
				SWIFT_COMPILATION_MODE = wholemodule;
				SWIFT_OPTIMIZATION_LEVEL = "-O";
				VALIDATE_PRODUCT = YES;
			};
			name = Release;
		};
		65430AF42920CC8C00E95B96 /* Debug */ = {
			isa = XCBuildConfiguration;
			buildSettings = {
				ASSETCATALOG_COMPILER_APPICON_NAME = AppIcon;
				ASSETCATALOG_COMPILER_GLOBAL_ACCENT_COLOR_NAME = AccentColor;
				CODE_SIGN_ENTITLEMENTS = WeatherApp/WeatherApp.entitlements;
				CODE_SIGN_STYLE = Automatic;
				CURRENT_PROJECT_VERSION = 1;
				DEVELOPMENT_TEAM = ZG488AACV6;
				GENERATE_INFOPLIST_FILE = YES;
				INFOPLIST_FILE = WeatherApp/Info.plist;
				INFOPLIST_KEY_NSLocationAlwaysAndWhenInUseUsageDescription = "Please allow location to see local weather.";
				INFOPLIST_KEY_NSLocationWhenInUseUsageDescription = "Please allow location to see local weather.";
				INFOPLIST_KEY_UIApplicationSupportsIndirectInputEvents = YES;
				INFOPLIST_KEY_UILaunchStoryboardName = LaunchScreen;
				INFOPLIST_KEY_UISupportedInterfaceOrientations = UIInterfaceOrientationPortrait;
				INFOPLIST_KEY_UISupportedInterfaceOrientations_iPad = "UIInterfaceOrientationLandscapeLeft UIInterfaceOrientationLandscapeRight UIInterfaceOrientationPortrait UIInterfaceOrientationPortraitUpsideDown";
				IPHONEOS_DEPLOYMENT_TARGET = 16.0;
				LD_RUNPATH_SEARCH_PATHS = (
					"$(inherited)",
					"@executable_path/Frameworks",
				);
				MARKETING_VERSION = 1.0;
				PRODUCT_BUNDLE_IDENTIFIER = com.github.lucidwild.WeatherApp;
				PRODUCT_NAME = "$(TARGET_NAME)";
				SUPPORTED_PLATFORMS = "iphoneos iphonesimulator";
				SUPPORTS_MACCATALYST = NO;
				SUPPORTS_MAC_DESIGNED_FOR_IPHONE_IPAD = YES;
				SWIFT_EMIT_LOC_STRINGS = YES;
				SWIFT_VERSION = 5.0;
				TARGETED_DEVICE_FAMILY = 1;
			};
			name = Debug;
		};
		65430AF52920CC8C00E95B96 /* Release */ = {
			isa = XCBuildConfiguration;
			buildSettings = {
				ASSETCATALOG_COMPILER_APPICON_NAME = AppIcon;
				ASSETCATALOG_COMPILER_GLOBAL_ACCENT_COLOR_NAME = AccentColor;
				CODE_SIGN_ENTITLEMENTS = WeatherApp/WeatherApp.entitlements;
				CODE_SIGN_STYLE = Automatic;
				CURRENT_PROJECT_VERSION = 1;
				DEVELOPMENT_TEAM = ZG488AACV6;
				GENERATE_INFOPLIST_FILE = YES;
				INFOPLIST_FILE = WeatherApp/Info.plist;
				INFOPLIST_KEY_NSLocationAlwaysAndWhenInUseUsageDescription = "Please allow location to see local weather.";
				INFOPLIST_KEY_NSLocationWhenInUseUsageDescription = "Please allow location to see local weather.";
				INFOPLIST_KEY_UIApplicationSupportsIndirectInputEvents = YES;
				INFOPLIST_KEY_UILaunchStoryboardName = LaunchScreen;
				INFOPLIST_KEY_UISupportedInterfaceOrientations = UIInterfaceOrientationPortrait;
				INFOPLIST_KEY_UISupportedInterfaceOrientations_iPad = "UIInterfaceOrientationLandscapeLeft UIInterfaceOrientationLandscapeRight UIInterfaceOrientationPortrait UIInterfaceOrientationPortraitUpsideDown";
				IPHONEOS_DEPLOYMENT_TARGET = 16.0;
				LD_RUNPATH_SEARCH_PATHS = (
					"$(inherited)",
					"@executable_path/Frameworks",
				);
				MARKETING_VERSION = 1.0;
				PRODUCT_BUNDLE_IDENTIFIER = com.github.lucidwild.WeatherApp;
				PRODUCT_NAME = "$(TARGET_NAME)";
				SUPPORTED_PLATFORMS = "iphoneos iphonesimulator";
				SUPPORTS_MACCATALYST = NO;
				SUPPORTS_MAC_DESIGNED_FOR_IPHONE_IPAD = YES;
				SWIFT_EMIT_LOC_STRINGS = YES;
				SWIFT_VERSION = 5.0;
				TARGETED_DEVICE_FAMILY = 1;
			};
			name = Release;
		};
/* End XCBuildConfiguration section */

/* Begin XCConfigurationList section */
		65430ADA2920CC8B00E95B96 /* Build configuration list for PBXProject "WeatherApp" */ = {
			isa = XCConfigurationList;
			buildConfigurations = (
				65430AF12920CC8C00E95B96 /* Debug */,
				65430AF22920CC8C00E95B96 /* Release */,
			);
			defaultConfigurationIsVisible = 0;
			defaultConfigurationName = Release;
		};
		65430AF32920CC8C00E95B96 /* Build configuration list for PBXNativeTarget "WeatherApp" */ = {
			isa = XCConfigurationList;
			buildConfigurations = (
				65430AF42920CC8C00E95B96 /* Debug */,
				65430AF52920CC8C00E95B96 /* Release */,
			);
			defaultConfigurationIsVisible = 0;
			defaultConfigurationName = Release;
		};
/* End XCConfigurationList section */

/* Begin XCRemoteSwiftPackageReference section */
		65430AF62920CCD400E95B96 /* XCRemoteSwiftPackageReference "realm-swift" */ = {
			isa = XCRemoteSwiftPackageReference;
			repositoryURL = "https://github.com/realm/realm-swift.git";
			requirement = {
				kind = upToNextMajorVersion;
				minimumVersion = 10.0.0;
			};
		};
		65EB5B33292248B600ADF406 /* XCRemoteSwiftPackageReference "SnapKit" */ = {
			isa = XCRemoteSwiftPackageReference;
			repositoryURL = "https://github.com/SnapKit/SnapKit.git";
			requirement = {
				kind = upToNextMajorVersion;
				minimumVersion = 5.0.0;
			};
		};
/* End XCRemoteSwiftPackageReference section */

/* Begin XCSwiftPackageProductDependency section */
		65430AF72920CCD400E95B96 /* Realm */ = {
			isa = XCSwiftPackageProductDependency;
			package = 65430AF62920CCD400E95B96 /* XCRemoteSwiftPackageReference "realm-swift" */;
			productName = Realm;
		};
		65430AF92920CCD400E95B96 /* RealmSwift */ = {
			isa = XCSwiftPackageProductDependency;
			package = 65430AF62920CCD400E95B96 /* XCRemoteSwiftPackageReference "realm-swift" */;
			productName = RealmSwift;
		};
		65EB5B34292248B600ADF406 /* SnapKit */ = {
			isa = XCSwiftPackageProductDependency;
			package = 65EB5B33292248B600ADF406 /* XCRemoteSwiftPackageReference "SnapKit" */;
			productName = SnapKit;
		};
/* End XCSwiftPackageProductDependency section */
	};
	rootObject = 65430AD72920CC8B00E95B96 /* Project object */;
}
