// !$*UTF8*$!
{
	archiveVersion = 1;
	classes = {
	};
	objectVersion = 56;
	objects = {

/* Begin PBXBuildFile section */
		6511D37C2920D8A0008BF87C /* weatherHeader.swift in Sources */ = {isa = PBXBuildFile; fileRef = 6511D37B2920D8A0008BF87C /* weatherHeader.swift */; };
		6511D3822921108E008BF87C /* HourlyCell.swift in Sources */ = {isa = PBXBuildFile; fileRef = 6511D3812921108E008BF87C /* HourlyCell.swift */; };
		6511D38429211415008BF87C /* DailyCell.swift in Sources */ = {isa = PBXBuildFile; fileRef = 6511D38329211415008BF87C /* DailyCell.swift */; };
		6511D38629211D16008BF87C /* PreviewExtension.swift in Sources */ = {isa = PBXBuildFile; fileRef = 6511D38529211D16008BF87C /* PreviewExtension.swift */; };
		651275402946E874006A2347 /* ProfileView.swift in Sources */ = {isa = PBXBuildFile; fileRef = 6512753F2946E874006A2347 /* ProfileView.swift */; };
		651B27F2294214BA00FC6524 /* LicenseFooter.swift in Sources */ = {isa = PBXBuildFile; fileRef = 651B27F1294214BA00FC6524 /* LicenseFooter.swift */; };
		651B27F42942220C00FC6524 /* TextView+hyperLink.swift in Sources */ = {isa = PBXBuildFile; fileRef = 651B27F32942220C00FC6524 /* TextView+hyperLink.swift */; };
		651B27F629422CAC00FC6524 /* LicenseView.swift in Sources */ = {isa = PBXBuildFile; fileRef = 651B27F529422CAC00FC6524 /* LicenseView.swift */; };
		6529380C29389CB0009443A1 /* TutorialView.swift in Sources */ = {isa = PBXBuildFile; fileRef = 6529380B29389CB0009443A1 /* TutorialView.swift */; };
		653FDF37293DEE85009A2231 /* SwitchDelegate.swift in Sources */ = {isa = PBXBuildFile; fileRef = 653FDF36293DEE85009A2231 /* SwitchDelegate.swift */; };
		653FDF39293EF143009A2231 /* ProfileController.swift in Sources */ = {isa = PBXBuildFile; fileRef = 653FDF38293EF143009A2231 /* ProfileController.swift */; };
		653FDF3B293EF314009A2231 /* LicenseController.swift in Sources */ = {isa = PBXBuildFile; fileRef = 653FDF3A293EF314009A2231 /* LicenseController.swift */; };
		653FDF3D293EF4E7009A2231 /* LicenseCell.swift in Sources */ = {isa = PBXBuildFile; fileRef = 653FDF3C293EF4E7009A2231 /* LicenseCell.swift */; };
		653FDF3F293EFDB5009A2231 /* License.swift in Sources */ = {isa = PBXBuildFile; fileRef = 653FDF3E293EFDB5009A2231 /* License.swift */; };
		653FDF45293F11F5009A2231 /* DetailLicenseController.swift in Sources */ = {isa = PBXBuildFile; fileRef = 653FDF44293F11F5009A2231 /* DetailLicenseController.swift */; };
		653FDF47293F17FE009A2231 /* DetailLicenseView.swift in Sources */ = {isa = PBXBuildFile; fileRef = 653FDF46293F17FE009A2231 /* DetailLicenseView.swift */; };
		653FDF4C293F31BF009A2231 /* Settings.bundle in Resources */ = {isa = PBXBuildFile; fileRef = 653FDF4B293F31BF009A2231 /* Settings.bundle */; };
		65430AE32920CC8B00E95B96 /* AppDelegate.swift in Sources */ = {isa = PBXBuildFile; fileRef = 65430AE22920CC8B00E95B96 /* AppDelegate.swift */; };
		65430AE52920CC8B00E95B96 /* SceneDelegate.swift in Sources */ = {isa = PBXBuildFile; fileRef = 65430AE42920CC8B00E95B96 /* SceneDelegate.swift */; };
		65430AE72920CC8B00E95B96 /* MainWeatherViewController.swift in Sources */ = {isa = PBXBuildFile; fileRef = 65430AE62920CC8B00E95B96 /* MainWeatherViewController.swift */; };
		65430AEC2920CC8C00E95B96 /* Assets.xcassets in Resources */ = {isa = PBXBuildFile; fileRef = 65430AEB2920CC8C00E95B96 /* Assets.xcassets */; };
		65430AEF2920CC8C00E95B96 /* LaunchScreen.storyboard in Resources */ = {isa = PBXBuildFile; fileRef = 65430AED2920CC8C00E95B96 /* LaunchScreen.storyboard */; };
		65430AF82920CCD400E95B96 /* Realm in Frameworks */ = {isa = PBXBuildFile; productRef = 65430AF72920CCD400E95B96 /* Realm */; };
		65430AFA2920CCD400E95B96 /* RealmSwift in Frameworks */ = {isa = PBXBuildFile; productRef = 65430AF92920CCD400E95B96 /* RealmSwift */; };
		65486CF829499B8400D213C3 /* TempConverter.swift in Sources */ = {isa = PBXBuildFile; fileRef = 65486CF729499B8400D213C3 /* TempConverter.swift */; };
		654C0750292CCA35003152C3 /* BaseViewController.swift in Sources */ = {isa = PBXBuildFile; fileRef = 654C074F292CCA35003152C3 /* BaseViewController.swift */; };
		654C0752292CE288003152C3 /* SubViewButton.swift in Sources */ = {isa = PBXBuildFile; fileRef = 654C0751292CE288003152C3 /* SubViewButton.swift */; };
		654C0754292CF4A8003152C3 /* UIColor+.swift in Sources */ = {isa = PBXBuildFile; fileRef = 654C0753292CF4A8003152C3 /* UIColor+.swift */; };
		654C075B292D1001003152C3 /* RealmDataModel.swift in Sources */ = {isa = PBXBuildFile; fileRef = 654C075A292D1001003152C3 /* RealmDataModel.swift */; };
		654C075F292D1D2B003152C3 /* RealmDataManager.swift in Sources */ = {isa = PBXBuildFile; fileRef = 654C075E292D1D2B003152C3 /* RealmDataManager.swift */; };
		65644C392933AB010015BADD /* SetupNavigation.swift in Sources */ = {isa = PBXBuildFile; fileRef = 65644C382933AB010015BADD /* SetupNavigation.swift */; };
		65644C452937857F0015BADD /* TutorialController.swift in Sources */ = {isa = PBXBuildFile; fileRef = 65644C442937857F0015BADD /* TutorialController.swift */; };
		659BB50A29239DF1003A6618 /* BackgroundView.swift in Sources */ = {isa = PBXBuildFile; fileRef = 659BB50929239DF1003A6618 /* BackgroundView.swift */; };
		659C52C62922758100EEEA70 /* CurrentWeatherData.swift in Sources */ = {isa = PBXBuildFile; fileRef = 659C52C52922758100EEEA70 /* CurrentWeatherData.swift */; };
		659C52C82922778200EEEA70 /* WeatherManager.swift in Sources */ = {isa = PBXBuildFile; fileRef = 659C52C72922778200EEEA70 /* WeatherManager.swift */; };
		659C52CA292278BD00EEEA70 /* SecretKey.plist in Resources */ = {isa = PBXBuildFile; fileRef = 659C52C9292278BD00EEEA70 /* SecretKey.plist */; };
		659C52CD2922790800EEEA70 /* Bundle.swift in Sources */ = {isa = PBXBuildFile; fileRef = 659C52CC2922790800EEEA70 /* Bundle.swift */; };
		659C52D1292285D100EEEA70 /* Constants.swift in Sources */ = {isa = PBXBuildFile; fileRef = 659C52D0292285D100EEEA70 /* Constants.swift */; };
		659C52D3292288E300EEEA70 /* CollectionView+Layout.swift in Sources */ = {isa = PBXBuildFile; fileRef = 659C52D2292288E300EEEA70 /* CollectionView+Layout.swift */; };
		659C52DA29229AE400EEEA70 /* CurrentWeatherModel.swift in Sources */ = {isa = PBXBuildFile; fileRef = 659C52D929229AE400EEEA70 /* CurrentWeatherModel.swift */; };
		659C52DC292363FB00EEEA70 /* FormatUI.swift in Sources */ = {isa = PBXBuildFile; fileRef = 659C52DB292363FB00EEEA70 /* FormatUI.swift */; };
		65A0CEEB292A28AC00D6E862 /* SearchLocationController.swift in Sources */ = {isa = PBXBuildFile; fileRef = 65A0CEEA292A28AC00D6E862 /* SearchLocationController.swift */; };
		65A0CEED292A2DE900D6E862 /* SearchCell.swift in Sources */ = {isa = PBXBuildFile; fileRef = 65A0CEEC292A2DE900D6E862 /* SearchCell.swift */; };
		65A0CEF1292B53CF00D6E862 /* UILabel+Highlight.swift in Sources */ = {isa = PBXBuildFile; fileRef = 65A0CEF0292B53CF00D6E862 /* UILabel+Highlight.swift */; };
		65A0CEF9292B8AE400D6E862 /* KeyboardEvent.swift in Sources */ = {isa = PBXBuildFile; fileRef = 65A0CEF8292B8AE400D6E862 /* KeyboardEvent.swift */; };
		65A0CEFB292BD28100D6E862 /* SubWeatherController.swift in Sources */ = {isa = PBXBuildFile; fileRef = 65A0CEFA292BD28100D6E862 /* SubWeatherController.swift */; };
		65C5B0DC294338A000DB5BBA /* MyListLicenseView.swift in Sources */ = {isa = PBXBuildFile; fileRef = 65C5B0DB2943389F00DB5BBA /* MyListLicenseView.swift */; };
		65DE09A129333C6E00765F05 /* SettingCell.swift in Sources */ = {isa = PBXBuildFile; fileRef = 65DE09A029333C6E00765F05 /* SettingCell.swift */; };
		65DE09A6293340DA00765F05 /* Setting.swift in Sources */ = {isa = PBXBuildFile; fileRef = 65DE09A5293340DA00765F05 /* Setting.swift */; };
		65EB5B35292248B600ADF406 /* SnapKit in Frameworks */ = {isa = PBXBuildFile; productRef = 65EB5B34292248B600ADF406 /* SnapKit */; };
		65F0CF312928E41B005C57F2 /* MenuAnimate.swift in Sources */ = {isa = PBXBuildFile; fileRef = 65F0CF302928E41B005C57F2 /* MenuAnimate.swift */; };
		65F0CF3429294400005C57F2 /* MyListCell.swift in Sources */ = {isa = PBXBuildFile; fileRef = 65F0CF3329294400005C57F2 /* MyListCell.swift */; };
		65FBC2B229279B5500B5AE35 /* LocationManager.swift in Sources */ = {isa = PBXBuildFile; fileRef = 65FBC2B129279B5500B5AE35 /* LocationManager.swift */; };
		65FBC2B62927BF2B00B5AE35 /* OpenWeatherAPI.swift in Sources */ = {isa = PBXBuildFile; fileRef = 65FBC2B52927BF2B00B5AE35 /* OpenWeatherAPI.swift */; };
		65FBC2C32927F7B600B5AE35 /* MenuList.swift in Sources */ = {isa = PBXBuildFile; fileRef = 65FBC2C22927F7B600B5AE35 /* MenuList.swift */; };
		65FBC2C5292801B900B5AE35 /* MenuListCell.swift in Sources */ = {isa = PBXBuildFile; fileRef = 65FBC2C4292801B900B5AE35 /* MenuListCell.swift */; };
		65FBC2C72928043100B5AE35 /* MyListViewController.swift in Sources */ = {isa = PBXBuildFile; fileRef = 65FBC2C62928043100B5AE35 /* MyListViewController.swift */; };
		65FBC2C92928043F00B5AE35 /* SettingViewController.swift in Sources */ = {isa = PBXBuildFile; fileRef = 65FBC2C82928043F00B5AE35 /* SettingViewController.swift */; };
/* End PBXBuildFile section */

/* Begin PBXFileReference section */
		6511D37B2920D8A0008BF87C /* weatherHeader.swift */ = {isa = PBXFileReference; lastKnownFileType = sourcecode.swift; path = weatherHeader.swift; sourceTree = "<group>"; };
		6511D3812921108E008BF87C /* HourlyCell.swift */ = {isa = PBXFileReference; lastKnownFileType = sourcecode.swift; path = HourlyCell.swift; sourceTree = "<group>"; };
		6511D38329211415008BF87C /* DailyCell.swift */ = {isa = PBXFileReference; lastKnownFileType = sourcecode.swift; path = DailyCell.swift; sourceTree = "<group>"; };
		6511D38529211D16008BF87C /* PreviewExtension.swift */ = {isa = PBXFileReference; lastKnownFileType = sourcecode.swift; path = PreviewExtension.swift; sourceTree = "<group>"; };
		6512753F2946E874006A2347 /* ProfileView.swift */ = {isa = PBXFileReference; lastKnownFileType = sourcecode.swift; path = ProfileView.swift; sourceTree = "<group>"; };
		651B27F1294214BA00FC6524 /* LicenseFooter.swift */ = {isa = PBXFileReference; lastKnownFileType = sourcecode.swift; path = LicenseFooter.swift; sourceTree = "<group>"; };
		651B27F32942220C00FC6524 /* TextView+hyperLink.swift */ = {isa = PBXFileReference; lastKnownFileType = sourcecode.swift; path = "TextView+hyperLink.swift"; sourceTree = "<group>"; };
		651B27F529422CAC00FC6524 /* LicenseView.swift */ = {isa = PBXFileReference; lastKnownFileType = sourcecode.swift; path = LicenseView.swift; sourceTree = "<group>"; };
		6529380B29389CB0009443A1 /* TutorialView.swift */ = {isa = PBXFileReference; lastKnownFileType = sourcecode.swift; path = TutorialView.swift; sourceTree = "<group>"; };
		653FDF36293DEE85009A2231 /* SwitchDelegate.swift */ = {isa = PBXFileReference; lastKnownFileType = sourcecode.swift; path = SwitchDelegate.swift; sourceTree = "<group>"; };
		653FDF38293EF143009A2231 /* ProfileController.swift */ = {isa = PBXFileReference; lastKnownFileType = sourcecode.swift; path = ProfileController.swift; sourceTree = "<group>"; };
		653FDF3A293EF314009A2231 /* LicenseController.swift */ = {isa = PBXFileReference; lastKnownFileType = sourcecode.swift; path = LicenseController.swift; sourceTree = "<group>"; };
		653FDF3C293EF4E7009A2231 /* LicenseCell.swift */ = {isa = PBXFileReference; lastKnownFileType = sourcecode.swift; path = LicenseCell.swift; sourceTree = "<group>"; };
		653FDF3E293EFDB5009A2231 /* License.swift */ = {isa = PBXFileReference; lastKnownFileType = sourcecode.swift; path = License.swift; sourceTree = "<group>"; };
		653FDF44293F11F5009A2231 /* DetailLicenseController.swift */ = {isa = PBXFileReference; lastKnownFileType = sourcecode.swift; path = DetailLicenseController.swift; sourceTree = "<group>"; };
		653FDF46293F17FE009A2231 /* DetailLicenseView.swift */ = {isa = PBXFileReference; lastKnownFileType = sourcecode.swift; path = DetailLicenseView.swift; sourceTree = "<group>"; };
		653FDF4B293F31BF009A2231 /* Settings.bundle */ = {isa = PBXFileReference; lastKnownFileType = "wrapper.plug-in"; path = Settings.bundle; sourceTree = "<group>"; };
		6540A10529269DB200338721 /* WeatherApp.entitlements */ = {isa = PBXFileReference; lastKnownFileType = text.plist.entitlements; path = WeatherApp.entitlements; sourceTree = "<group>"; };
		65430ADF2920CC8B00E95B96 /* WeatherApp.app */ = {isa = PBXFileReference; explicitFileType = wrapper.application; includeInIndex = 0; path = WeatherApp.app; sourceTree = BUILT_PRODUCTS_DIR; };
		65430AE22920CC8B00E95B96 /* AppDelegate.swift */ = {isa = PBXFileReference; lastKnownFileType = sourcecode.swift; path = AppDelegate.swift; sourceTree = "<group>"; };
		65430AE42920CC8B00E95B96 /* SceneDelegate.swift */ = {isa = PBXFileReference; lastKnownFileType = sourcecode.swift; path = SceneDelegate.swift; sourceTree = "<group>"; };
		65430AE62920CC8B00E95B96 /* MainWeatherViewController.swift */ = {isa = PBXFileReference; lastKnownFileType = sourcecode.swift; path = MainWeatherViewController.swift; sourceTree = "<group>"; };
		65430AEB2920CC8C00E95B96 /* Assets.xcassets */ = {isa = PBXFileReference; lastKnownFileType = folder.assetcatalog; path = Assets.xcassets; sourceTree = "<group>"; };
		65430AEE2920CC8C00E95B96 /* Base */ = {isa = PBXFileReference; lastKnownFileType = file.storyboard; name = Base; path = Base.lproj/LaunchScreen.storyboard; sourceTree = "<group>"; };
		65430AF02920CC8C00E95B96 /* Info.plist */ = {isa = PBXFileReference; lastKnownFileType = text.plist.xml; path = Info.plist; sourceTree = "<group>"; };
		65486CF729499B8400D213C3 /* TempConverter.swift */ = {isa = PBXFileReference; lastKnownFileType = sourcecode.swift; path = TempConverter.swift; sourceTree = "<group>"; };
		654C074F292CCA35003152C3 /* BaseViewController.swift */ = {isa = PBXFileReference; lastKnownFileType = sourcecode.swift; path = BaseViewController.swift; sourceTree = "<group>"; };
		654C0751292CE288003152C3 /* SubViewButton.swift */ = {isa = PBXFileReference; lastKnownFileType = sourcecode.swift; path = SubViewButton.swift; sourceTree = "<group>"; };
		654C0753292CF4A8003152C3 /* UIColor+.swift */ = {isa = PBXFileReference; lastKnownFileType = sourcecode.swift; path = "UIColor+.swift"; sourceTree = "<group>"; };
		654C075A292D1001003152C3 /* RealmDataModel.swift */ = {isa = PBXFileReference; lastKnownFileType = sourcecode.swift; path = RealmDataModel.swift; sourceTree = "<group>"; };
		654C075E292D1D2B003152C3 /* RealmDataManager.swift */ = {isa = PBXFileReference; lastKnownFileType = sourcecode.swift; path = RealmDataManager.swift; sourceTree = "<group>"; };
		65644C382933AB010015BADD /* SetupNavigation.swift */ = {isa = PBXFileReference; lastKnownFileType = sourcecode.swift; path = SetupNavigation.swift; sourceTree = "<group>"; };
		65644C442937857F0015BADD /* TutorialController.swift */ = {isa = PBXFileReference; lastKnownFileType = sourcecode.swift; path = TutorialController.swift; sourceTree = "<group>"; };
		659BB50929239DF1003A6618 /* BackgroundView.swift */ = {isa = PBXFileReference; lastKnownFileType = sourcecode.swift; path = BackgroundView.swift; sourceTree = "<group>"; };
		659C52C52922758100EEEA70 /* CurrentWeatherData.swift */ = {isa = PBXFileReference; lastKnownFileType = sourcecode.swift; path = CurrentWeatherData.swift; sourceTree = "<group>"; };
		659C52C72922778200EEEA70 /* WeatherManager.swift */ = {isa = PBXFileReference; lastKnownFileType = sourcecode.swift; path = WeatherManager.swift; sourceTree = "<group>"; };
		659C52C9292278BD00EEEA70 /* SecretKey.plist */ = {isa = PBXFileReference; lastKnownFileType = text.plist.xml; path = SecretKey.plist; sourceTree = "<group>"; };
		659C52CC2922790800EEEA70 /* Bundle.swift */ = {isa = PBXFileReference; lastKnownFileType = sourcecode.swift; path = Bundle.swift; sourceTree = "<group>"; };
		659C52D0292285D100EEEA70 /* Constants.swift */ = {isa = PBXFileReference; lastKnownFileType = sourcecode.swift; path = Constants.swift; sourceTree = "<group>"; };
		659C52D2292288E300EEEA70 /* CollectionView+Layout.swift */ = {isa = PBXFileReference; lastKnownFileType = sourcecode.swift; path = "CollectionView+Layout.swift"; sourceTree = "<group>"; };
		659C52D929229AE400EEEA70 /* CurrentWeatherModel.swift */ = {isa = PBXFileReference; lastKnownFileType = sourcecode.swift; path = CurrentWeatherModel.swift; sourceTree = "<group>"; };
		659C52DB292363FB00EEEA70 /* FormatUI.swift */ = {isa = PBXFileReference; lastKnownFileType = sourcecode.swift; path = FormatUI.swift; sourceTree = "<group>"; };
		65A0CEEA292A28AC00D6E862 /* SearchLocationController.swift */ = {isa = PBXFileReference; lastKnownFileType = sourcecode.swift; path = SearchLocationController.swift; sourceTree = "<group>"; };
		65A0CEEC292A2DE900D6E862 /* SearchCell.swift */ = {isa = PBXFileReference; lastKnownFileType = sourcecode.swift; path = SearchCell.swift; sourceTree = "<group>"; };
		65A0CEF0292B53CF00D6E862 /* UILabel+Highlight.swift */ = {isa = PBXFileReference; lastKnownFileType = sourcecode.swift; path = "UILabel+Highlight.swift"; sourceTree = "<group>"; };
		65A0CEF8292B8AE400D6E862 /* KeyboardEvent.swift */ = {isa = PBXFileReference; lastKnownFileType = sourcecode.swift; path = KeyboardEvent.swift; sourceTree = "<group>"; };
		65A0CEFA292BD28100D6E862 /* SubWeatherController.swift */ = {isa = PBXFileReference; lastKnownFileType = sourcecode.swift; path = SubWeatherController.swift; sourceTree = "<group>"; };
		65C5B0DB2943389F00DB5BBA /* MyListLicenseView.swift */ = {isa = PBXFileReference; lastKnownFileType = sourcecode.swift; path = MyListLicenseView.swift; sourceTree = "<group>"; };
		65DE09A029333C6E00765F05 /* SettingCell.swift */ = {isa = PBXFileReference; lastKnownFileType = sourcecode.swift; path = SettingCell.swift; sourceTree = "<group>"; };
		65DE09A5293340DA00765F05 /* Setting.swift */ = {isa = PBXFileReference; lastKnownFileType = sourcecode.swift; path = Setting.swift; sourceTree = "<group>"; };
		65F0CF302928E41B005C57F2 /* MenuAnimate.swift */ = {isa = PBXFileReference; lastKnownFileType = sourcecode.swift; path = MenuAnimate.swift; sourceTree = "<group>"; };
		65F0CF3329294400005C57F2 /* MyListCell.swift */ = {isa = PBXFileReference; lastKnownFileType = sourcecode.swift; path = MyListCell.swift; sourceTree = "<group>"; };
		65FBC2B129279B5500B5AE35 /* LocationManager.swift */ = {isa = PBXFileReference; lastKnownFileType = sourcecode.swift; path = LocationManager.swift; sourceTree = "<group>"; };
		65FBC2B52927BF2B00B5AE35 /* OpenWeatherAPI.swift */ = {isa = PBXFileReference; lastKnownFileType = sourcecode.swift; path = OpenWeatherAPI.swift; sourceTree = "<group>"; };
		65FBC2C22927F7B600B5AE35 /* MenuList.swift */ = {isa = PBXFileReference; lastKnownFileType = sourcecode.swift; path = MenuList.swift; sourceTree = "<group>"; };
		65FBC2C4292801B900B5AE35 /* MenuListCell.swift */ = {isa = PBXFileReference; lastKnownFileType = sourcecode.swift; path = MenuListCell.swift; sourceTree = "<group>"; };
		65FBC2C62928043100B5AE35 /* MyListViewController.swift */ = {isa = PBXFileReference; lastKnownFileType = sourcecode.swift; path = MyListViewController.swift; sourceTree = "<group>"; };
		65FBC2C82928043F00B5AE35 /* SettingViewController.swift */ = {isa = PBXFileReference; lastKnownFileType = sourcecode.swift; path = SettingViewController.swift; sourceTree = "<group>"; };
/* End PBXFileReference section */

/* Begin PBXFrameworksBuildPhase section */
		65430ADC2920CC8B00E95B96 /* Frameworks */ = {
			isa = PBXFrameworksBuildPhase;
			buildActionMask = 2147483647;
			files = (
				65EB5B35292248B600ADF406 /* SnapKit in Frameworks */,
				65430AFA2920CCD400E95B96 /* RealmSwift in Frameworks */,
				65430AF82920CCD400E95B96 /* Realm in Frameworks */,
			);
			runOnlyForDeploymentPostprocessing = 0;
		};
/* End PBXFrameworksBuildPhase section */

/* Begin PBXGroup section */
		6512753E2946E84B006A2347 /* Other */ = {
			isa = PBXGroup;
			children = (
				651B27F529422CAC00FC6524 /* LicenseView.swift */,
				6512753F2946E874006A2347 /* ProfileView.swift */,
			);
			path = Other;
			sourceTree = "<group>";
		};
		653FDF4A293F1D39009A2231 /* License */ = {
			isa = PBXGroup;
			children = (
				653FDF4B293F31BF009A2231 /* Settings.bundle */,
			);
			path = License;
			sourceTree = "<group>";
		};
		65430AD62920CC8B00E95B96 = {
			isa = PBXGroup;
			children = (
				65430AE12920CC8B00E95B96 /* WeatherApp */,
				65430AE02920CC8B00E95B96 /* Products */,
			);
			sourceTree = "<group>";
		};
		65430AE02920CC8B00E95B96 /* Products */ = {
			isa = PBXGroup;
			children = (
				65430ADF2920CC8B00E95B96 /* WeatherApp.app */,
			);
			name = Products;
			sourceTree = "<group>";
		};
		65430AE12920CC8B00E95B96 /* WeatherApp */ = {
			isa = PBXGroup;
			children = (
				6540A10529269DB200338721 /* WeatherApp.entitlements */,
				65430AE22920CC8B00E95B96 /* AppDelegate.swift */,
				65430AE42920CC8B00E95B96 /* SceneDelegate.swift */,
				653FDF4A293F1D39009A2231 /* License */,
				659C52CB292278DC00EEEA70 /* Helper */,
				659C52DD292363FE00EEEA70 /* Utilities */,
				659C52D629228E6E00EEEA70 /* Extenstions */,
				65430AFB2920CCE100E95B96 /* Models */,
				65430AFC2920CCE700E95B96 /* Views */,
				65430AFD2920CCEC00E95B96 /* Controllers */,
				65430AEB2920CC8C00E95B96 /* Assets.xcassets */,
				65430AED2920CC8C00E95B96 /* LaunchScreen.storyboard */,
				65430AF02920CC8C00E95B96 /* Info.plist */,
				6511D38529211D16008BF87C /* PreviewExtension.swift */,
			);
			path = WeatherApp;
			sourceTree = "<group>";
		};
		65430AFB2920CCE100E95B96 /* Models */ = {
			isa = PBXGroup;
			children = (
				65DE09A32933403200765F05 /* Weather&Location */,
				65DE09A42933404400765F05 /* DataBase */,
				65FBC2C22927F7B600B5AE35 /* MenuList.swift */,
				65DE09A5293340DA00765F05 /* Setting.swift */,
				653FDF3E293EFDB5009A2231 /* License.swift */,
			);
			path = Models;
			sourceTree = "<group>";
		};
		65430AFC2920CCE700E95B96 /* Views */ = {
			isa = PBXGroup;
			children = (
				6529380B29389CB0009443A1 /* TutorialView.swift */,
				65FBC2B92927EBA600B5AE35 /* MainView */,
				65F0CF32292943A5005C57F2 /* MyListView */,
				65DE09A229333C7300765F05 /* SettingView */,
				6512753E2946E84B006A2347 /* Other */,
			);
			path = Views;
			sourceTree = "<group>";
		};
		65430AFD2920CCEC00E95B96 /* Controllers */ = {
			isa = PBXGroup;
			children = (
				65644C442937857F0015BADD /* TutorialController.swift */,
				654C074F292CCA35003152C3 /* BaseViewController.swift */,
				65430AE62920CC8B00E95B96 /* MainWeatherViewController.swift */,
				65FBC2C62928043100B5AE35 /* MyListViewController.swift */,
				65A0CEEA292A28AC00D6E862 /* SearchLocationController.swift */,
				65A0CEFA292BD28100D6E862 /* SubWeatherController.swift */,
				65FBC2C82928043F00B5AE35 /* SettingViewController.swift */,
				653FDF38293EF143009A2231 /* ProfileController.swift */,
				653FDF3A293EF314009A2231 /* LicenseController.swift */,
				653FDF44293F11F5009A2231 /* DetailLicenseController.swift */,
			);
			path = Controllers;
			sourceTree = "<group>";
		};
		659C52CB292278DC00EEEA70 /* Helper */ = {
			isa = PBXGroup;
			children = (
				659C52C9292278BD00EEEA70 /* SecretKey.plist */,
				659C52CC2922790800EEEA70 /* Bundle.swift */,
				659C52D0292285D100EEEA70 /* Constants.swift */,
				65FBC2B52927BF2B00B5AE35 /* OpenWeatherAPI.swift */,
				65486CF729499B8400D213C3 /* TempConverter.swift */,
			);
			path = Helper;
			sourceTree = "<group>";
		};
		659C52D629228E6E00EEEA70 /* Extenstions */ = {
			isa = PBXGroup;
			children = (
				659C52D2292288E300EEEA70 /* CollectionView+Layout.swift */,
				65A0CEF0292B53CF00D6E862 /* UILabel+Highlight.swift */,
				654C0753292CF4A8003152C3 /* UIColor+.swift */,
				651B27F32942220C00FC6524 /* TextView+hyperLink.swift */,
			);
			path = Extenstions;
			sourceTree = "<group>";
		};
		659C52DD292363FE00EEEA70 /* Utilities */ = {
			isa = PBXGroup;
			children = (
				659C52DB292363FB00EEEA70 /* FormatUI.swift */,
				65F0CF302928E41B005C57F2 /* MenuAnimate.swift */,
				65A0CEF8292B8AE400D6E862 /* KeyboardEvent.swift */,
				65644C382933AB010015BADD /* SetupNavigation.swift */,
				653FDF36293DEE85009A2231 /* SwitchDelegate.swift */,
			);
			path = Utilities;
			sourceTree = "<group>";
		};
		65DE09A229333C7300765F05 /* SettingView */ = {
			isa = PBXGroup;
			children = (
				65DE09A029333C6E00765F05 /* SettingCell.swift */,
				653FDF3C293EF4E7009A2231 /* LicenseCell.swift */,
				653FDF46293F17FE009A2231 /* DetailLicenseView.swift */,
			);
			path = SettingView;
			sourceTree = "<group>";
		};
		65DE09A32933403200765F05 /* Weather&Location */ = {
			isa = PBXGroup;
			children = (
				659C52C52922758100EEEA70 /* CurrentWeatherData.swift */,
				659C52D929229AE400EEEA70 /* CurrentWeatherModel.swift */,
				659C52C72922778200EEEA70 /* WeatherManager.swift */,
				65FBC2B129279B5500B5AE35 /* LocationManager.swift */,
			);
			path = "Weather&Location";
			sourceTree = "<group>";
		};
		65DE09A42933404400765F05 /* DataBase */ = {
			isa = PBXGroup;
			children = (
				654C075A292D1001003152C3 /* RealmDataModel.swift */,
				654C075E292D1D2B003152C3 /* RealmDataManager.swift */,
			);
			path = DataBase;
			sourceTree = "<group>";
		};
		65F0CF32292943A5005C57F2 /* MyListView */ = {
			isa = PBXGroup;
			children = (
				65F0CF3329294400005C57F2 /* MyListCell.swift */,
				65A0CEEC292A2DE900D6E862 /* SearchCell.swift */,
				654C0751292CE288003152C3 /* SubViewButton.swift */,
				65C5B0DB2943389F00DB5BBA /* MyListLicenseView.swift */,
			);
			path = MyListView;
			sourceTree = "<group>";
		};
		65FBC2B92927EBA600B5AE35 /* MainView */ = {
			isa = PBXGroup;
			children = (
				659BB50929239DF1003A6618 /* BackgroundView.swift */,
				65FBC2C4292801B900B5AE35 /* MenuListCell.swift */,
				6511D37B2920D8A0008BF87C /* weatherHeader.swift */,
				6511D3812921108E008BF87C /* HourlyCell.swift */,
				6511D38329211415008BF87C /* DailyCell.swift */,
				651B27F1294214BA00FC6524 /* LicenseFooter.swift */,
			);
			path = MainView;
			sourceTree = "<group>";
		};
/* End PBXGroup section */

/* Begin PBXNativeTarget section */
		65430ADE2920CC8B00E95B96 /* WeatherApp */ = {
			isa = PBXNativeTarget;
			buildConfigurationList = 65430AF32920CC8C00E95B96 /* Build configuration list for PBXNativeTarget "WeatherApp" */;
			buildPhases = (
				65430ADB2920CC8B00E95B96 /* Sources */,
				65430ADC2920CC8B00E95B96 /* Frameworks */,
				65430ADD2920CC8B00E95B96 /* Resources */,
			);
			buildRules = (
			);
			dependencies = (
			);
			name = WeatherApp;
			packageProductDependencies = (
				65430AF72920CCD400E95B96 /* Realm */,
				65430AF92920CCD400E95B96 /* RealmSwift */,
				65EB5B34292248B600ADF406 /* SnapKit */,
			);
			productName = WeatherApp;
			productReference = 65430ADF2920CC8B00E95B96 /* WeatherApp.app */;
			productType = "com.apple.product-type.application";
		};
/* End PBXNativeTarget section */

/* Begin PBXProject section */
		65430AD72920CC8B00E95B96 /* Project object */ = {
			isa = PBXProject;
			attributes = {
				BuildIndependentTargetsInParallel = 1;
				LastSwiftUpdateCheck = 1410;
				LastUpgradeCheck = 1410;
				TargetAttributes = {
					65430ADE2920CC8B00E95B96 = {
						CreatedOnToolsVersion = 14.1;
					};
				};
			};
			buildConfigurationList = 65430ADA2920CC8B00E95B96 /* Build configuration list for PBXProject "WeatherApp" */;
			compatibilityVersion = "Xcode 14.0";
			developmentRegion = en;
			hasScannedForEncodings = 0;
			knownRegions = (
				en,
				Base,
			);
			mainGroup = 65430AD62920CC8B00E95B96;
			packageReferences = (
				65430AF62920CCD400E95B96 /* XCRemoteSwiftPackageReference "realm-swift" */,
				65EB5B33292248B600ADF406 /* XCRemoteSwiftPackageReference "SnapKit" */,
			);
			productRefGroup = 65430AE02920CC8B00E95B96 /* Products */;
			projectDirPath = "";
			projectRoot = "";
			targets = (
				65430ADE2920CC8B00E95B96 /* WeatherApp */,
			);
		};
/* End PBXProject section */

/* Begin PBXResourcesBuildPhase section */
		65430ADD2920CC8B00E95B96 /* Resources */ = {
			isa = PBXResourcesBuildPhase;
			buildActionMask = 2147483647;
			files = (
				659C52CA292278BD00EEEA70 /* SecretKey.plist in Resources */,
				653FDF4C293F31BF009A2231 /* Settings.bundle in Resources */,
				65430AEF2920CC8C00E95B96 /* LaunchScreen.storyboard in Resources */,
				65430AEC2920CC8C00E95B96 /* Assets.xcassets in Resources */,
			);
			runOnlyForDeploymentPostprocessing = 0;
		};
/* End PBXResourcesBuildPhase section */

/* Begin PBXSourcesBuildPhase section */
		65430ADB2920CC8B00E95B96 /* Sources */ = {
			isa = PBXSourcesBuildPhase;
			buildActionMask = 2147483647;
			files = (
				653FDF47293F17FE009A2231 /* DetailLicenseView.swift in Sources */,
				65DE09A129333C6E00765F05 /* SettingCell.swift in Sources */,
				659BB50A29239DF1003A6618 /* BackgroundView.swift in Sources */,
				65FBC2B229279B5500B5AE35 /* LocationManager.swift in Sources */,
				654C075F292D1D2B003152C3 /* RealmDataManager.swift in Sources */,
				659C52C82922778200EEEA70 /* WeatherManager.swift in Sources */,
				65DE09A6293340DA00765F05 /* Setting.swift in Sources */,
				659C52D1292285D100EEEA70 /* Constants.swift in Sources */,
				65A0CEED292A2DE900D6E862 /* SearchCell.swift in Sources */,
				659C52DA29229AE400EEEA70 /* CurrentWeatherModel.swift in Sources */,
				653FDF3F293EFDB5009A2231 /* License.swift in Sources */,
				653FDF45293F11F5009A2231 /* DetailLicenseController.swift in Sources */,
				65FBC2C92928043F00B5AE35 /* SettingViewController.swift in Sources */,
				65F0CF312928E41B005C57F2 /* MenuAnimate.swift in Sources */,
				659C52DC292363FB00EEEA70 /* FormatUI.swift in Sources */,
				65FBC2C5292801B900B5AE35 /* MenuListCell.swift in Sources */,
				65FBC2C72928043100B5AE35 /* MyListViewController.swift in Sources */,
				65430AE72920CC8B00E95B96 /* MainWeatherViewController.swift in Sources */,
				653FDF39293EF143009A2231 /* ProfileController.swift in Sources */,
				654C0754292CF4A8003152C3 /* UIColor+.swift in Sources */,
				651B27F42942220C00FC6524 /* TextView+hyperLink.swift in Sources */,
				65430AE32920CC8B00E95B96 /* AppDelegate.swift in Sources */,
				65A0CEF1292B53CF00D6E862 /* UILabel+Highlight.swift in Sources */,
				651B27F2294214BA00FC6524 /* LicenseFooter.swift in Sources */,
				659C52CD2922790800EEEA70 /* Bundle.swift in Sources */,
				653FDF3B293EF314009A2231 /* LicenseController.swift in Sources */,
				654C0752292CE288003152C3 /* SubViewButton.swift in Sources */,
				6511D38629211D16008BF87C /* PreviewExtension.swift in Sources */,
				65F0CF3429294400005C57F2 /* MyListCell.swift in Sources */,
				659C52D3292288E300EEEA70 /* CollectionView+Layout.swift in Sources */,
				65FBC2B62927BF2B00B5AE35 /* OpenWeatherAPI.swift in Sources */,
				659C52C62922758100EEEA70 /* CurrentWeatherData.swift in Sources */,
				65486CF829499B8400D213C3 /* TempConverter.swift in Sources */,
				6511D37C2920D8A0008BF87C /* weatherHeader.swift in Sources */,
				65C5B0DC294338A000DB5BBA /* MyListLicenseView.swift in Sources */,
				6511D3822921108E008BF87C /* HourlyCell.swift in Sources */,
				654C075B292D1001003152C3 /* RealmDataModel.swift in Sources */,
				6529380C29389CB0009443A1 /* TutorialView.swift in Sources */,
				6511D38429211415008BF87C /* DailyCell.swift in Sources */,
				65FBC2C32927F7B600B5AE35 /* MenuList.swift in Sources */,
				653FDF37293DEE85009A2231 /* SwitchDelegate.swift in Sources */,
				65644C392933AB010015BADD /* SetupNavigation.swift in Sources */,
				65A0CEEB292A28AC00D6E862 /* SearchLocationController.swift in Sources */,
				651275402946E874006A2347 /* ProfileView.swift in Sources */,
				65430AE52920CC8B00E95B96 /* SceneDelegate.swift in Sources */,
				65A0CEF9292B8AE400D6E862 /* KeyboardEvent.swift in Sources */,
				65A0CEFB292BD28100D6E862 /* SubWeatherController.swift in Sources */,
				651B27F629422CAC00FC6524 /* LicenseView.swift in Sources */,
				653FDF3D293EF4E7009A2231 /* LicenseCell.swift in Sources */,
				654C0750292CCA35003152C3 /* BaseViewController.swift in Sources */,
				65644C452937857F0015BADD /* TutorialController.swift in Sources */,
			);
			runOnlyForDeploymentPostprocessing = 0;
		};
/* End PBXSourcesBuildPhase section */

/* Begin PBXVariantGroup section */
		65430AED2920CC8C00E95B96 /* LaunchScreen.storyboard */ = {
			isa = PBXVariantGroup;
			children = (
				65430AEE2920CC8C00E95B96 /* Base */,
			);
			name = LaunchScreen.storyboard;
			sourceTree = "<group>";
		};
/* End PBXVariantGroup section */

/* Begin XCBuildConfiguration section */
		65430AF12920CC8C00E95B96 /* Debug */ = {
			isa = XCBuildConfiguration;
			buildSettings = {
				ALWAYS_SEARCH_USER_PATHS = NO;
				CLANG_ANALYZER_NONNULL = YES;
				CLANG_ANALYZER_NUMBER_OBJECT_CONVERSION = YES_AGGRESSIVE;
				CLANG_CXX_LANGUAGE_STANDARD = "gnu++20";
				CLANG_ENABLE_MODULES = YES;
				CLANG_ENABLE_OBJC_ARC = YES;
				CLANG_ENABLE_OBJC_WEAK = YES;
				CLANG_WARN_BLOCK_CAPTURE_AUTORELEASING = YES;
				CLANG_WARN_BOOL_CONVERSION = YES;
				CLANG_WARN_COMMA = YES;
				CLANG_WARN_CONSTANT_CONVERSION = YES;
				CLANG_WARN_DEPRECATED_OBJC_IMPLEMENTATIONS = YES;
				CLANG_WARN_DIRECT_OBJC_ISA_USAGE = YES_ERROR;
				CLANG_WARN_DOCUMENTATION_COMMENTS = YES;
				CLANG_WARN_EMPTY_BODY = YES;
				CLANG_WARN_ENUM_CONVERSION = YES;
				CLANG_WARN_INFINITE_RECURSION = YES;
				CLANG_WARN_INT_CONVERSION = YES;
				CLANG_WARN_NON_LITERAL_NULL_CONVERSION = YES;
				CLANG_WARN_OBJC_IMPLICIT_RETAIN_SELF = YES;
				CLANG_WARN_OBJC_LITERAL_CONVERSION = YES;
				CLANG_WARN_OBJC_ROOT_CLASS = YES_ERROR;
				CLANG_WARN_QUOTED_INCLUDE_IN_FRAMEWORK_HEADER = YES;
				CLANG_WARN_RANGE_LOOP_ANALYSIS = YES;
				CLANG_WARN_STRICT_PROTOTYPES = YES;
				CLANG_WARN_SUSPICIOUS_MOVE = YES;
				CLANG_WARN_UNGUARDED_AVAILABILITY = YES_AGGRESSIVE;
				CLANG_WARN_UNREACHABLE_CODE = YES;
				CLANG_WARN__DUPLICATE_METHOD_MATCH = YES;
				COPY_PHASE_STRIP = NO;
				DEBUG_INFORMATION_FORMAT = dwarf;
				ENABLE_STRICT_OBJC_MSGSEND = YES;
				ENABLE_TESTABILITY = YES;
				GCC_C_LANGUAGE_STANDARD = gnu11;
				GCC_DYNAMIC_NO_PIC = NO;
				GCC_NO_COMMON_BLOCKS = YES;
				GCC_OPTIMIZATION_LEVEL = 0;
				GCC_PREPROCESSOR_DEFINITIONS = (
					"DEBUG=1",
					"$(inherited)",
				);
				GCC_WARN_64_TO_32_BIT_CONVERSION = YES;
				GCC_WARN_ABOUT_RETURN_TYPE = YES_ERROR;
				GCC_WARN_UNDECLARED_SELECTOR = YES;
				GCC_WARN_UNINITIALIZED_AUTOS = YES_AGGRESSIVE;
				GCC_WARN_UNUSED_FUNCTION = YES;
				GCC_WARN_UNUSED_VARIABLE = YES;
				IPHONEOS_DEPLOYMENT_TARGET = 16.0;
				MTL_ENABLE_DEBUG_INFO = INCLUDE_SOURCE;
				MTL_FAST_MATH = YES;
				ONLY_ACTIVE_ARCH = YES;
				SDKROOT = iphoneos;
				SWIFT_ACTIVE_COMPILATION_CONDITIONS = DEBUG;
				SWIFT_OPTIMIZATION_LEVEL = "-Onone";
			};
			name = Debug;
		};
		65430AF22920CC8C00E95B96 /* Release */ = {
			isa = XCBuildConfiguration;
			buildSettings = {
				ALWAYS_SEARCH_USER_PATHS = NO;
				CLANG_ANALYZER_NONNULL = YES;
				CLANG_ANALYZER_NUMBER_OBJECT_CONVERSION = YES_AGGRESSIVE;
				CLANG_CXX_LANGUAGE_STANDARD = "gnu++20";
				CLANG_ENABLE_MODULES = YES;
				CLANG_ENABLE_OBJC_ARC = YES;
				CLANG_ENABLE_OBJC_WEAK = YES;
				CLANG_WARN_BLOCK_CAPTURE_AUTORELEASING = YES;
				CLANG_WARN_BOOL_CONVERSION = YES;
				CLANG_WARN_COMMA = YES;
				CLANG_WARN_CONSTANT_CONVERSION = YES;
				CLANG_WARN_DEPRECATED_OBJC_IMPLEMENTATIONS = YES;
				CLANG_WARN_DIRECT_OBJC_ISA_USAGE = YES_ERROR;
				CLANG_WARN_DOCUMENTATION_COMMENTS = YES;
				CLANG_WARN_EMPTY_BODY = YES;
				CLANG_WARN_ENUM_CONVERSION = YES;
				CLANG_WARN_INFINITE_RECURSION = YES;
				CLANG_WARN_INT_CONVERSION = YES;
				CLANG_WARN_NON_LITERAL_NULL_CONVERSION = YES;
				CLANG_WARN_OBJC_IMPLICIT_RETAIN_SELF = YES;
				CLANG_WARN_OBJC_LITERAL_CONVERSION = YES;
				CLANG_WARN_OBJC_ROOT_CLASS = YES_ERROR;
				CLANG_WARN_QUOTED_INCLUDE_IN_FRAMEWORK_HEADER = YES;
				CLANG_WARN_RANGE_LOOP_ANALYSIS = YES;
				CLANG_WARN_STRICT_PROTOTYPES = YES;
				CLANG_WARN_SUSPICIOUS_MOVE = YES;
				CLANG_WARN_UNGUARDED_AVAILABILITY = YES_AGGRESSIVE;
				CLANG_WARN_UNREACHABLE_CODE = YES;
				CLANG_WARN__DUPLICATE_METHOD_MATCH = YES;
				COPY_PHASE_STRIP = NO;
				DEBUG_INFORMATION_FORMAT = "dwarf-with-dsym";
				ENABLE_NS_ASSERTIONS = NO;
				ENABLE_STRICT_OBJC_MSGSEND = YES;
				GCC_C_LANGUAGE_STANDARD = gnu11;
				GCC_NO_COMMON_BLOCKS = YES;
				GCC_WARN_64_TO_32_BIT_CONVERSION = YES;
				GCC_WARN_ABOUT_RETURN_TYPE = YES_ERROR;
				GCC_WARN_UNDECLARED_SELECTOR = YES;
				GCC_WARN_UNINITIALIZED_AUTOS = YES_AGGRESSIVE;
				GCC_WARN_UNUSED_FUNCTION = YES;
				GCC_WARN_UNUSED_VARIABLE = YES;
				IPHONEOS_DEPLOYMENT_TARGET = 16.0;
				MTL_ENABLE_DEBUG_INFO = NO;
				MTL_FAST_MATH = YES;
				SDKROOT = iphoneos;
				SWIFT_COMPILATION_MODE = wholemodule;
				SWIFT_OPTIMIZATION_LEVEL = "-O";
				VALIDATE_PRODUCT = YES;
			};
			name = Release;
		};
		65430AF42920CC8C00E95B96 /* Debug */ = {
			isa = XCBuildConfiguration;
			buildSettings = {
				ASSETCATALOG_COMPILER_APPICON_NAME = AppIcon;
				ASSETCATALOG_COMPILER_GLOBAL_ACCENT_COLOR_NAME = AccentColor;
				CODE_SIGN_ENTITLEMENTS = WeatherApp/WeatherApp.entitlements;
				CODE_SIGN_STYLE = Automatic;
				CURRENT_PROJECT_VERSION = 1;
				DEVELOPMENT_TEAM = ZG488AACV6;
				GENERATE_INFOPLIST_FILE = YES;
				INFOPLIST_FILE = WeatherApp/Info.plist;
				INFOPLIST_KEY_NSLocationAlwaysAndWhenInUseUsageDescription = "If you want to know the weather in your current location, Allow the location.\n";
				INFOPLIST_KEY_NSLocationWhenInUseUsageDescription = "If you want to know the weather in your current location, Allow the location.\n";
				INFOPLIST_KEY_UIApplicationSupportsIndirectInputEvents = YES;
				INFOPLIST_KEY_UILaunchStoryboardName = LaunchScreen.storyboard;
				INFOPLIST_KEY_UISupportedInterfaceOrientations = UIInterfaceOrientationPortrait;
				INFOPLIST_KEY_UISupportedInterfaceOrientations_iPad = "UIInterfaceOrientationLandscapeLeft UIInterfaceOrientationLandscapeRight UIInterfaceOrientationPortrait UIInterfaceOrientationPortraitUpsideDown";
				INFOPLIST_KEY_UIUserInterfaceStyle = Dark;
				IPHONEOS_DEPLOYMENT_TARGET = 16.0;
				LD_RUNPATH_SEARCH_PATHS = (
					"$(inherited)",
					"@executable_path/Frameworks",
				);
				MARKETING_VERSION = 1.0;
				PRODUCT_BUNDLE_IDENTIFIER = "com.github.iOS-JS.WeatherApp";
				PRODUCT_NAME = "$(TARGET_NAME)";
				SUPPORTED_PLATFORMS = "iphoneos iphonesimulator";
				SUPPORTS_MACCATALYST = NO;
				SUPPORTS_MAC_DESIGNED_FOR_IPHONE_IPAD = YES;
				SWIFT_EMIT_LOC_STRINGS = YES;
				SWIFT_VERSION = 5.0;
				TARGETED_DEVICE_FAMILY = 1;
			};
			name = Debug;
		};
		65430AF52920CC8C00E95B96 /* Release */ = {
			isa = XCBuildConfiguration;
			buildSettings = {
				ASSETCATALOG_COMPILER_APPICON_NAME = AppIcon;
				ASSETCATALOG_COMPILER_GLOBAL_ACCENT_COLOR_NAME = AccentColor;
				CODE_SIGN_ENTITLEMENTS = WeatherApp/WeatherApp.entitlements;
				CODE_SIGN_STYLE = Automatic;
				CURRENT_PROJECT_VERSION = 1;
				DEVELOPMENT_TEAM = ZG488AACV6;
				GENERATE_INFOPLIST_FILE = YES;
				INFOPLIST_FILE = WeatherApp/Info.plist;
				INFOPLIST_KEY_NSLocationAlwaysAndWhenInUseUsageDescription = "If you want to know the weather in your current location, Allow the location.\n";
				INFOPLIST_KEY_NSLocationWhenInUseUsageDescription = "If you want to know the weather in your current location, Allow the location.\n";
				INFOPLIST_KEY_UIApplicationSupportsIndirectInputEvents = YES;
				INFOPLIST_KEY_UILaunchStoryboardName = LaunchScreen.storyboard;
				INFOPLIST_KEY_UISupportedInterfaceOrientations = UIInterfaceOrientationPortrait;
				INFOPLIST_KEY_UISupportedInterfaceOrientations_iPad = "UIInterfaceOrientationLandscapeLeft UIInterfaceOrientationLandscapeRight UIInterfaceOrientationPortrait UIInterfaceOrientationPortraitUpsideDown";
				INFOPLIST_KEY_UIUserInterfaceStyle = Dark;
				IPHONEOS_DEPLOYMENT_TARGET = 16.0;
				LD_RUNPATH_SEARCH_PATHS = (
					"$(inherited)",
					"@executable_path/Frameworks",
				);
				MARKETING_VERSION = 1.0;
				PRODUCT_BUNDLE_IDENTIFIER = "com.github.iOS-JS.WeatherApp";
				PRODUCT_NAME = "$(TARGET_NAME)";
				SUPPORTED_PLATFORMS = "iphoneos iphonesimulator";
				SUPPORTS_MACCATALYST = NO;
				SUPPORTS_MAC_DESIGNED_FOR_IPHONE_IPAD = YES;
				SWIFT_EMIT_LOC_STRINGS = YES;
				SWIFT_VERSION = 5.0;
				TARGETED_DEVICE_FAMILY = 1;
			};
			name = Release;
		};
/* End XCBuildConfiguration section */

/* Begin XCConfigurationList section */
		65430ADA2920CC8B00E95B96 /* Build configuration list for PBXProject "WeatherApp" */ = {
			isa = XCConfigurationList;
			buildConfigurations = (
				65430AF12920CC8C00E95B96 /* Debug */,
				65430AF22920CC8C00E95B96 /* Release */,
			);
			defaultConfigurationIsVisible = 0;
			defaultConfigurationName = Release;
		};
		65430AF32920CC8C00E95B96 /* Build configuration list for PBXNativeTarget "WeatherApp" */ = {
			isa = XCConfigurationList;
			buildConfigurations = (
				65430AF42920CC8C00E95B96 /* Debug */,
				65430AF52920CC8C00E95B96 /* Release */,
			);
			defaultConfigurationIsVisible = 0;
			defaultConfigurationName = Release;
		};
/* End XCConfigurationList section */

/* Begin XCRemoteSwiftPackageReference section */
		65430AF62920CCD400E95B96 /* XCRemoteSwiftPackageReference "realm-swift" */ = {
			isa = XCRemoteSwiftPackageReference;
			repositoryURL = "https://github.com/realm/realm-swift.git";
			requirement = {
				kind = upToNextMajorVersion;
				minimumVersion = 10.0.0;
			};
		};
		65EB5B33292248B600ADF406 /* XCRemoteSwiftPackageReference "SnapKit" */ = {
			isa = XCRemoteSwiftPackageReference;
			repositoryURL = "https://github.com/SnapKit/SnapKit.git";
			requirement = {
				kind = upToNextMajorVersion;
				minimumVersion = 5.0.0;
			};
		};
/* End XCRemoteSwiftPackageReference section */

/* Begin XCSwiftPackageProductDependency section */
		65430AF72920CCD400E95B96 /* Realm */ = {
			isa = XCSwiftPackageProductDependency;
			package = 65430AF62920CCD400E95B96 /* XCRemoteSwiftPackageReference "realm-swift" */;
			productName = Realm;
		};
		65430AF92920CCD400E95B96 /* RealmSwift */ = {
			isa = XCSwiftPackageProductDependency;
			package = 65430AF62920CCD400E95B96 /* XCRemoteSwiftPackageReference "realm-swift" */;
			productName = RealmSwift;
		};
		65EB5B34292248B600ADF406 /* SnapKit */ = {
			isa = XCSwiftPackageProductDependency;
			package = 65EB5B33292248B600ADF406 /* XCRemoteSwiftPackageReference "SnapKit" */;
			productName = SnapKit;
		};
/* End XCSwiftPackageProductDependency section */
	};
	rootObject = 65430AD72920CC8B00E95B96 /* Project object */;
}
